
Microsoft Visual Studio Solution File, Format Version 12.00
# Visual Studio Version 16
VisualStudioVersion = 16.0.29519.181
MinimumVisualStudioVersion = 10.0.40219.1
Project("{2150E333-8FDC-42A3-9474-1A3956D46DE8}") = "project", "project", "{B73B7270-36FC-4F44-A7C5-351F4AD86BD5}"
EndProject
Project("{9A19103F-16F7-4668-BE54-9A1E7A4F7556}") = "NetworkMonitor.Application", "NetworkMonitor\NetworkMonitor.Application\NetworkMonitor.Application.csproj", "{38D0C60E-F13F-48D7-8692-B9B55DC82744}"
EndProject
Project("{9A19103F-16F7-4668-BE54-9A1E7A4F7556}") = "NetworkMonitor.Models", "NetworkMonitor\NetworkMonitor.Models\NetworkMonitor.Models.csproj", "{F5A60468-8D07-45FD-8DB8-12DD65B97B25}"
EndProject
Project("{9A19103F-16F7-4668-BE54-9A1E7A4F7556}") = "NetworkMonitor.Shared", "NetworkMonitor\NetworkMonitor.Shared\NetworkMonitor.Shared.csproj", "{E2E8EEA3-E379-4AA4-91C6-BA20099399EA}"
EndProject
Project("{9A19103F-16F7-4668-BE54-9A1E7A4F7556}") = "NetworkMonitor.ViewModels", "NetworkMonitor\NetworkMonitor.ViewModels\NetworkMonitor.ViewModels.csproj", "{3BBD749C-3841-4B69-B30A-5FC10B2E1AC8}"
EndProject
Project("{2150E333-8FDC-42A3-9474-1A3956D46DE8}") = "framework", "framework", "{F47C220B-48EA-44C9-83C5-CF037D24C2A2}"
EndProject
Project("{9A19103F-16F7-4668-BE54-9A1E7A4F7556}") = "NetworkMonitor.Framework", "NetworkMonitor\NetworkMonitor.Framework\NetworkMonitor.Framework.csproj", "{242DAB72-ED23-4809-9102-E77C4D1D6B5F}"
EndProject
Project("{9A19103F-16F7-4668-BE54-9A1E7A4F7556}") = "NetworkMonitor.Framework.Controls", "NetworkMonitor\NetworkMonitor.Framework.Controls\NetworkMonitor.Framework.Controls.csproj", "{2FBED006-3EBF-448C-913F-7A373818D4AB}"
EndProject
Project("{9A19103F-16F7-4668-BE54-9A1E7A4F7556}") = "NetworkMonitor.Framework.Mvvm", "NetworkMonitor\NetworkMonitor.Framework.Mvvm\NetworkMonitor.Framework.Mvvm.csproj", "{03DD0E59-A907-4D2F-AD58-71EBC2A978E1}"
EndProject
Project("{9A19103F-16F7-4668-BE54-9A1E7A4F7556}") = "NetworkMonitor.Framework.Mvvm.Abstraction", "NetworkMonitor\NetworkMonitor.Framework.Mvvm.Abstraction\NetworkMonitor.Framework.Mvvm.Abstraction.csproj", "{18591D24-E410-466A-BBAC-741A67ED50FE}"
EndProject
Global
	GlobalSection(SolutionConfigurationPlatforms) = preSolution
		Debug|Any CPU = Debug|Any CPU
		Debug|x64 = Debug|x64
		Debug|x86 = Debug|x86
		Release|Any CPU = Release|Any CPU
		Release|x64 = Release|x64
		Release|x86 = Release|x86
	EndGlobalSection
	GlobalSection(ProjectConfigurationPlatforms) = postSolution
		{38D0C60E-F13F-48D7-8692-B9B55DC82744}.Debug|Any CPU.ActiveCfg = Debug|Any CPU
		{38D0C60E-F13F-48D7-8692-B9B55DC82744}.Debug|Any CPU.Build.0 = Debug|Any CPU
		{38D0C60E-F13F-48D7-8692-B9B55DC82744}.Debug|x64.ActiveCfg = Debug|x64
		{38D0C60E-F13F-48D7-8692-B9B55DC82744}.Debug|x64.Build.0 = Debug|x64
		{38D0C60E-F13F-48D7-8692-B9B55DC82744}.Debug|x86.ActiveCfg = Debug|x86
		{38D0C60E-F13F-48D7-8692-B9B55DC82744}.Debug|x86.Build.0 = Debug|x86
		{38D0C60E-F13F-48D7-8692-B9B55DC82744}.Release|Any CPU.ActiveCfg = Release|Any CPU
		{38D0C60E-F13F-48D7-8692-B9B55DC82744}.Release|Any CPU.Build.0 = Release|Any CPU
		{38D0C60E-F13F-48D7-8692-B9B55DC82744}.Release|x64.ActiveCfg = Release|x64
		{38D0C60E-F13F-48D7-8692-B9B55DC82744}.Release|x64.Build.0 = Release|x64
		{38D0C60E-F13F-48D7-8692-B9B55DC82744}.Release|x86.ActiveCfg = Release|x86
		{38D0C60E-F13F-48D7-8692-B9B55DC82744}.Release|x86.Build.0 = Release|x86
		{F5A60468-8D07-45FD-8DB8-12DD65B97B25}.Debug|Any CPU.ActiveCfg = Debug|Any CPU
		{F5A60468-8D07-45FD-8DB8-12DD65B97B25}.Debug|Any CPU.Build.0 = Debug|Any CPU
		{F5A60468-8D07-45FD-8DB8-12DD65B97B25}.Debug|x64.ActiveCfg = Debug|x64
		{F5A60468-8D07-45FD-8DB8-12DD65B97B25}.Debug|x64.Build.0 = Debug|x64
		{F5A60468-8D07-45FD-8DB8-12DD65B97B25}.Debug|x86.ActiveCfg = Debug|x86
		{F5A60468-8D07-45FD-8DB8-12DD65B97B25}.Debug|x86.Build.0 = Debug|x86
		{F5A60468-8D07-45FD-8DB8-12DD65B97B25}.Release|Any CPU.ActiveCfg = Release|Any CPU
		{F5A60468-8D07-45FD-8DB8-12DD65B97B25}.Release|Any CPU.Build.0 = Release|Any CPU
		{F5A60468-8D07-45FD-8DB8-12DD65B97B25}.Release|x64.ActiveCfg = Release|x64
		{F5A60468-8D07-45FD-8DB8-12DD65B97B25}.Release|x64.Build.0 = Release|x64
		{F5A60468-8D07-45FD-8DB8-12DD65B97B25}.Release|x86.ActiveCfg = Release|x86
		{F5A60468-8D07-45FD-8DB8-12DD65B97B25}.Release|x86.Build.0 = Release|x86
		{E2E8EEA3-E379-4AA4-91C6-BA20099399EA}.Debug|Any CPU.ActiveCfg = Debug|Any CPU
		{E2E8EEA3-E379-4AA4-91C6-BA20099399EA}.Debug|Any CPU.Build.0 = Debug|Any CPU
		{E2E8EEA3-E379-4AA4-91C6-BA20099399EA}.Debug|x64.ActiveCfg = Debug|x64
		{E2E8EEA3-E379-4AA4-91C6-BA20099399EA}.Debug|x64.Build.0 = Debug|x64
		{E2E8EEA3-E379-4AA4-91C6-BA20099399EA}.Debug|x86.ActiveCfg = Debug|x86
		{E2E8EEA3-E379-4AA4-91C6-BA20099399EA}.Debug|x86.Build.0 = Debug|x86
		{E2E8EEA3-E379-4AA4-91C6-BA20099399EA}.Release|Any CPU.ActiveCfg = Release|Any CPU
		{E2E8EEA3-E379-4AA4-91C6-BA20099399EA}.Release|Any CPU.Build.0 = Release|Any CPU
		{E2E8EEA3-E379-4AA4-91C6-BA20099399EA}.Release|x64.ActiveCfg = Release|x64
		{E2E8EEA3-E379-4AA4-91C6-BA20099399EA}.Release|x64.Build.0 = Release|x64
		{E2E8EEA3-E379-4AA4-91C6-BA20099399EA}.Release|x86.ActiveCfg = Release|x86
		{E2E8EEA3-E379-4AA4-91C6-BA20099399EA}.Release|x86.Build.0 = Release|x86
		{3BBD749C-3841-4B69-B30A-5FC10B2E1AC8}.Debug|Any CPU.ActiveCfg = Debug|Any CPU
		{3BBD749C-3841-4B69-B30A-5FC10B2E1AC8}.Debug|Any CPU.Build.0 = Debug|Any CPU
		{3BBD749C-3841-4B69-B30A-5FC10B2E1AC8}.Debug|x64.ActiveCfg = Debug|x64
		{3BBD749C-3841-4B69-B30A-5FC10B2E1AC8}.Debug|x64.Build.0 = Debug|x64
		{3BBD749C-3841-4B69-B30A-5FC10B2E1AC8}.Debug|x86.ActiveCfg = Debug|x86
		{3BBD749C-3841-4B69-B30A-5FC10B2E1AC8}.Debug|x86.Build.0 = Debug|x86
		{3BBD749C-3841-4B69-B30A-5FC10B2E1AC8}.Release|Any CPU.ActiveCfg = Release|Any CPU
		{3BBD749C-3841-4B69-B30A-5FC10B2E1AC8}.Release|Any CPU.Build.0 = Release|Any CPU
		{3BBD749C-3841-4B69-B30A-5FC10B2E1AC8}.Release|x64.ActiveCfg = Release|x64
		{3BBD749C-3841-4B69-B30A-5FC10B2E1AC8}.Release|x64.Build.0 = Release|x64
		{3BBD749C-3841-4B69-B30A-5FC10B2E1AC8}.Release|x86.ActiveCfg = Release|x86
		{3BBD749C-3841-4B69-B30A-5FC10B2E1AC8}.Release|x86.Build.0 = Release|x86
		{242DAB72-ED23-4809-9102-E77C4D1D6B5F}.Debug|Any CPU.ActiveCfg = Debug|Any CPU
		{242DAB72-ED23-4809-9102-E77C4D1D6B5F}.Debug|Any CPU.Build.0 = Debug|Any CPU
		{242DAB72-ED23-4809-9102-E77C4D1D6B5F}.Debug|x64.ActiveCfg = Debug|x64
		{242DAB72-ED23-4809-9102-E77C4D1D6B5F}.Debug|x64.Build.0 = Debug|x64
		{242DAB72-ED23-4809-9102-E77C4D1D6B5F}.Debug|x86.ActiveCfg = Debug|x86
		{242DAB72-ED23-4809-9102-E77C4D1D6B5F}.Debug|x86.Build.0 = Debug|x86
		{242DAB72-ED23-4809-9102-E77C4D1D6B5F}.Release|Any CPU.ActiveCfg = Release|Any CPU
		{242DAB72-ED23-4809-9102-E77C4D1D6B5F}.Release|Any CPU.Build.0 = Release|Any CPU
		{242DAB72-ED23-4809-9102-E77C4D1D6B5F}.Release|x64.ActiveCfg = Release|x64
		{242DAB72-ED23-4809-9102-E77C4D1D6B5F}.Release|x64.Build.0 = Release|x64
		{242DAB72-ED23-4809-9102-E77C4D1D6B5F}.Release|x86.ActiveCfg = Release|x86
		{242DAB72-ED23-4809-9102-E77C4D1D6B5F}.Release|x86.Build.0 = Release|x86
		{2FBED006-3EBF-448C-913F-7A373818D4AB}.Debug|Any CPU.ActiveCfg = Debug|Any CPU
		{2FBED006-3EBF-448C-913F-7A373818D4AB}.Debug|Any CPU.Build.0 = Debug|Any CPU
		{2FBED006-3EBF-448C-913F-7A373818D4AB}.Debug|x64.ActiveCfg = Debug|x64
		{2FBED006-3EBF-448C-913F-7A373818D4AB}.Debug|x64.Build.0 = Debug|x64
		{2FBED006-3EBF-448C-913F-7A373818D4AB}.Debug|x86.ActiveCfg = Debug|x86
		{2FBED006-3EBF-448C-913F-7A373818D4AB}.Debug|x86.Build.0 = Debug|x86
		{2FBED006-3EBF-448C-913F-7A373818D4AB}.Release|Any CPU.ActiveCfg = Release|Any CPU
		{2FBED006-3EBF-448C-913F-7A373818D4AB}.Release|Any CPU.Build.0 = Release|Any CPU
		{2FBED006-3EBF-448C-913F-7A373818D4AB}.Release|x64.ActiveCfg = Release|x64
		{2FBED006-3EBF-448C-913F-7A373818D4AB}.Release|x64.Build.0 = Release|x64
		{2FBED006-3EBF-448C-913F-7A373818D4AB}.Release|x86.ActiveCfg = Release|x86
		{2FBED006-3EBF-448C-913F-7A373818D4AB}.Release|x86.Build.0 = Release|x86
		{03DD0E59-A907-4D2F-AD58-71EBC2A978E1}.Debug|Any CPU.ActiveCfg = Debug|Any CPU
		{03DD0E59-A907-4D2F-AD58-71EBC2A978E1}.Debug|Any CPU.Build.0 = Debug|Any CPU
		{03DD0E59-A907-4D2F-AD58-71EBC2A978E1}.Debug|x64.ActiveCfg = Debug|x64
		{03DD0E59-A907-4D2F-AD58-71EBC2A978E1}.Debug|x64.Build.0 = Debug|x64
		{03DD0E59-A907-4D2F-AD58-71EBC2A978E1}.Debug|x86.ActiveCfg = Debug|x86
		{03DD0E59-A907-4D2F-AD58-71EBC2A978E1}.Debug|x86.Build.0 = Debug|x86
		{03DD0E59-A907-4D2F-AD58-71EBC2A978E1}.Release|Any CPU.ActiveCfg = Release|Any CPU
		{03DD0E59-A907-4D2F-AD58-71EBC2A978E1}.Release|Any CPU.Build.0 = Release|Any CPU
		{03DD0E59-A907-4D2F-AD58-71EBC2A978E1}.Release|x64.ActiveCfg = Release|x64
		{03DD0E59-A907-4D2F-AD58-71EBC2A978E1}.Release|x64.Build.0 = Release|x64
		{03DD0E59-A907-4D2F-AD58-71EBC2A978E1}.Release|x86.ActiveCfg = Release|x86
		{03DD0E59-A907-4D2F-AD58-71EBC2A978E1}.Release|x86.Build.0 = Release|x86
		{18591D24-E410-466A-BBAC-741A67ED50FE}.Debug|Any CPU.ActiveCfg = Debug|Any CPU
		{18591D24-E410-466A-BBAC-741A67ED50FE}.Debug|Any CPU.Build.0 = Debug|Any CPU
		{18591D24-E410-466A-BBAC-741A67ED50FE}.Debug|x64.ActiveCfg = Debug|x64
		{18591D24-E410-466A-BBAC-741A67ED50FE}.Debug|x64.Build.0 = Debug|x64
		{18591D24-E410-466A-BBAC-741A67ED50FE}.Debug|x86.ActiveCfg = Debug|x86
		{18591D24-E410-466A-BBAC-741A67ED50FE}.Debug|x86.Build.0 = Debug|x86
		{18591D24-E410-466A-BBAC-741A67ED50FE}.Release|Any CPU.ActiveCfg = Release|Any CPU
		{18591D24-E410-466A-BBAC-741A67ED50FE}.Release|Any CPU.Build.0 = Release|Any CPU
		{18591D24-E410-466A-BBAC-741A67ED50FE}.Release|x64.ActiveCfg = Release|x64
		{18591D24-E410-466A-BBAC-741A67ED50FE}.Release|x64.Build.0 = Release|x64
		{18591D24-E410-466A-BBAC-741A67ED50FE}.Release|x86.ActiveCfg = Release|x86
		{18591D24-E410-466A-BBAC-741A67ED50FE}.Release|x86.Build.0 = Release|x86
	EndGlobalSection
	GlobalSection(SolutionProperties) = preSolution
		HideSolutionNode = FALSE
	EndGlobalSection
	GlobalSection(NestedProjects) = preSolution
		{38D0C60E-F13F-48D7-8692-B9B55DC82744} = {B73B7270-36FC-4F44-A7C5-351F4AD86BD5}
		{F5A60468-8D07-45FD-8DB8-12DD65B97B25} = {B73B7270-36FC-4F44-A7C5-351F4AD86BD5}
		{E2E8EEA3-E379-4AA4-91C6-BA20099399EA} = {B73B7270-36FC-4F44-A7C5-351F4AD86BD5}
		{3BBD749C-3841-4B69-B30A-5FC10B2E1AC8} = {B73B7270-36FC-4F44-A7C5-351F4AD86BD5}
		{242DAB72-ED23-4809-9102-E77C4D1D6B5F} = {F47C220B-48EA-44C9-83C5-CF037D24C2A2}
		{2FBED006-3EBF-448C-913F-7A373818D4AB} = {F47C220B-48EA-44C9-83C5-CF037D24C2A2}
		{03DD0E59-A907-4D2F-AD58-71EBC2A978E1} = {F47C220B-48EA-44C9-83C5-CF037D24C2A2}
		{18591D24-E410-466A-BBAC-741A67ED50FE} = {F47C220B-48EA-44C9-83C5-CF037D24C2A2}
	EndGlobalSection
	GlobalSection(ExtensibilityGlobals) = postSolution
		SolutionGuid = {2F7F80D0-C331-4B9C-9544-AAB54316C0A4}
	EndGlobalSection
EndGlobal
